
Microsoft Visual Studio Solution File, Format Version 11.00
# Visual C++ Express 2010
Project("{8BC9CEB8-8B4A-11D0-8D11-00A0C91BC942}") = "201321069_김소영", "201321069_김소영\201321069_김소영.vcxproj", "{31685E4C-087C-498B-BDC9-27E56591C931}"
EndProject
Global
	GlobalSection(SolutionConfigurationPlatforms) = preSolution
		Debug|Win32 = Debug|Win32
		Release|Win32 = Release|Win32
	EndGlobalSection
	GlobalSection(ProjectConfigurationPlatforms) = postSolution
		{31685E4C-087C-498B-BDC9-27E56591C931}.Debug|Win32.ActiveCfg = Debug|Win32
		{31685E4C-087C-498B-BDC9-27E56591C931}.Debug|Win32.Build.0 = Debug|Win32
		{31685E4C-087C-498B-BDC9-27E56591C931}.Release|Win32.ActiveCfg = Release|Win32
		{31685E4C-087C-498B-BDC9-27E56591C931}.Release|Win32.Build.0 = Release|Win32
	EndGlobalSection
	GlobalSection(SolutionProperties) = preSolution
		HideSolutionNode = FALSE
	EndGlobalSection
EndGlobal
